
Microsoft Visual Studio Solution File, Format Version 12.00
# Visual Studio 15
VisualStudioVersion = 15.0.27428.2005
MinimumVisualStudioVersion = 10.0.40219.1
Project("{FAE04EC0-301F-11D3-BF4B-00C04F79EFBC}") = "TestSpecFlowBelote", "TestSpecFlowBelote\TestSpecFlowBelote.csproj", "{4EA1088F-5B3E-4D8F-B3F1-90C3D6D18604}"
EndProject
Project("{FAE04EC0-301F-11D3-BF4B-00C04F79EFBC}") = "InscriptionService", "InscriptionService\InscriptionService.csproj", "{0464D4E0-8C4E-4754-81F8-C51280784494}"
EndProject
Global
	GlobalSection(SolutionConfigurationPlatforms) = preSolution
		Debug|Any CPU = Debug|Any CPU
		Release|Any CPU = Release|Any CPU
	EndGlobalSection
	GlobalSection(ProjectConfigurationPlatforms) = postSolution
		{4EA1088F-5B3E-4D8F-B3F1-90C3D6D18604}.Debug|Any CPU.ActiveCfg = Debug|Any CPU
		{4EA1088F-5B3E-4D8F-B3F1-90C3D6D18604}.Debug|Any CPU.Build.0 = Debug|Any CPU
		{4EA1088F-5B3E-4D8F-B3F1-90C3D6D18604}.Release|Any CPU.ActiveCfg = Release|Any CPU
		{4EA1088F-5B3E-4D8F-B3F1-90C3D6D18604}.Release|Any CPU.Build.0 = Release|Any CPU
		{0464D4E0-8C4E-4754-81F8-C51280784494}.Debug|Any CPU.ActiveCfg = Debug|Any CPU
		{0464D4E0-8C4E-4754-81F8-C51280784494}.Debug|Any CPU.Build.0 = Debug|Any CPU
		{0464D4E0-8C4E-4754-81F8-C51280784494}.Release|Any CPU.ActiveCfg = Release|Any CPU
		{0464D4E0-8C4E-4754-81F8-C51280784494}.Release|Any CPU.Build.0 = Release|Any CPU
	EndGlobalSection
	GlobalSection(SolutionProperties) = preSolution
		HideSolutionNode = FALSE
	EndGlobalSection
	GlobalSection(ExtensibilityGlobals) = postSolution
		SolutionGuid = {FA7DDF88-03C4-464D-9C3E-04DB30A69087}
	EndGlobalSection
EndGlobal
